
Microsoft Visual Studio Solution File, Format Version 12.00
# Visual Studio Version 17
VisualStudioVersion = 17.0.31912.275
MinimumVisualStudioVersion = 10.0.40219.1
Project("{9A19103F-16F7-4668-BE54-9A1E7A4F7556}") = "TestUtils", "TestUtils\TestUtils.csproj", "{5BBA0026-2BD9-47B1-9B3C-1E5C762D2A8D}"
EndProject
Project("{2150E333-8FDC-42A3-9474-1A3956D46DE8}") = "Tests", "Tests", "{B71514A4-AA29-4997-9816-7F0883EA6B56}"
EndProject
Project("{9A19103F-16F7-4668-BE54-9A1E7A4F7556}") = "SlySoft.RestResource", "Slysoft.RestResource\SlySoft.RestResource.csproj", "{620F2ABE-F2E7-4837-B35D-072C1B9FB777}"
EndProject
Project("{9A19103F-16F7-4668-BE54-9A1E7A4F7556}") = "SlySoft.RestResource.Tests", "Slysoft.RestResource.Tests\SlySoft.RestResource.Tests.csproj", "{F8176255-BA06-4BA9-B3D9-1D9B83E23940}"
EndProject
Project("{2150E333-8FDC-42A3-9474-1A3956D46DE8}") = "TestApps", "TestApps", "{D029C52E-72D3-438D-ACFB-8D73F2A1686F}"
EndProject
Project("{9A19103F-16F7-4668-BE54-9A1E7A4F7556}") = "WebTest", "WebTest\WebTest.csproj", "{C9382555-ED60-4192-9A75-BF9E67A011A2}"
EndProject
Project("{9A19103F-16F7-4668-BE54-9A1E7A4F7556}") = "SlySoft.RestResource.AspNetCoreUtils", "Slysoft.RestResource.AspNetCoreUtils\SlySoft.RestResource.AspNetCoreUtils.csproj", "{4E520854-2880-4148-86C2-87441BB7F0FD}"
EndProject
Project("{9A19103F-16F7-4668-BE54-9A1E7A4F7556}") = "SlySoft.RestResource.Serializers", "SlySoft.RestResource.Serializers\SlySoft.RestResource.Serializers.csproj", "{76B57204-3188-4E35-B530-2999553CB853}"
EndProject
Project("{FAE04EC0-301F-11D3-BF4B-00C04F79EFBC}") = "SlySoft.RestResource.Serializer.Tests", "SlySoft.RestResource.Serializer.Tests\SlySoft.RestResource.Serializer.Tests.csproj", "{37837216-5439-4310-99F0-9E39F89EEB22}"
EndProject
Project("{FAE04EC0-301F-11D3-BF4B-00C04F79EFBC}") = "SlySoft.RestResource.Html", "SlySoft.RestResource.Html\SlySoft.RestResource.Html.csproj", "{BA867445-415A-4626-8689-9201CAC59386}"
EndProject
Global
	GlobalSection(SolutionConfigurationPlatforms) = preSolution
		Debug|Any CPU = Debug|Any CPU
		Release|Any CPU = Release|Any CPU
	EndGlobalSection
	GlobalSection(ProjectConfigurationPlatforms) = postSolution
		{5BBA0026-2BD9-47B1-9B3C-1E5C762D2A8D}.Debug|Any CPU.ActiveCfg = Debug|Any CPU
		{5BBA0026-2BD9-47B1-9B3C-1E5C762D2A8D}.Debug|Any CPU.Build.0 = Debug|Any CPU
		{5BBA0026-2BD9-47B1-9B3C-1E5C762D2A8D}.Release|Any CPU.ActiveCfg = Release|Any CPU
		{5BBA0026-2BD9-47B1-9B3C-1E5C762D2A8D}.Release|Any CPU.Build.0 = Release|Any CPU
		{620F2ABE-F2E7-4837-B35D-072C1B9FB777}.Debug|Any CPU.ActiveCfg = Debug|Any CPU
		{620F2ABE-F2E7-4837-B35D-072C1B9FB777}.Debug|Any CPU.Build.0 = Debug|Any CPU
		{620F2ABE-F2E7-4837-B35D-072C1B9FB777}.Release|Any CPU.ActiveCfg = Release|Any CPU
		{620F2ABE-F2E7-4837-B35D-072C1B9FB777}.Release|Any CPU.Build.0 = Release|Any CPU
		{F8176255-BA06-4BA9-B3D9-1D9B83E23940}.Debug|Any CPU.ActiveCfg = Debug|Any CPU
		{F8176255-BA06-4BA9-B3D9-1D9B83E23940}.Debug|Any CPU.Build.0 = Debug|Any CPU
		{F8176255-BA06-4BA9-B3D9-1D9B83E23940}.Release|Any CPU.ActiveCfg = Release|Any CPU
		{F8176255-BA06-4BA9-B3D9-1D9B83E23940}.Release|Any CPU.Build.0 = Release|Any CPU
		{C9382555-ED60-4192-9A75-BF9E67A011A2}.Debug|Any CPU.ActiveCfg = Debug|Any CPU
		{C9382555-ED60-4192-9A75-BF9E67A011A2}.Debug|Any CPU.Build.0 = Debug|Any CPU
		{C9382555-ED60-4192-9A75-BF9E67A011A2}.Release|Any CPU.ActiveCfg = Release|Any CPU
		{C9382555-ED60-4192-9A75-BF9E67A011A2}.Release|Any CPU.Build.0 = Release|Any CPU
		{4E520854-2880-4148-86C2-87441BB7F0FD}.Debug|Any CPU.ActiveCfg = Debug|Any CPU
		{4E520854-2880-4148-86C2-87441BB7F0FD}.Debug|Any CPU.Build.0 = Debug|Any CPU
		{4E520854-2880-4148-86C2-87441BB7F0FD}.Release|Any CPU.ActiveCfg = Release|Any CPU
		{4E520854-2880-4148-86C2-87441BB7F0FD}.Release|Any CPU.Build.0 = Release|Any CPU
		{76B57204-3188-4E35-B530-2999553CB853}.Debug|Any CPU.ActiveCfg = Debug|Any CPU
		{76B57204-3188-4E35-B530-2999553CB853}.Debug|Any CPU.Build.0 = Debug|Any CPU
		{76B57204-3188-4E35-B530-2999553CB853}.Release|Any CPU.ActiveCfg = Release|Any CPU
		{76B57204-3188-4E35-B530-2999553CB853}.Release|Any CPU.Build.0 = Release|Any CPU
		{37837216-5439-4310-99F0-9E39F89EEB22}.Debug|Any CPU.ActiveCfg = Debug|Any CPU
		{37837216-5439-4310-99F0-9E39F89EEB22}.Debug|Any CPU.Build.0 = Debug|Any CPU
		{37837216-5439-4310-99F0-9E39F89EEB22}.Release|Any CPU.ActiveCfg = Release|Any CPU
		{37837216-5439-4310-99F0-9E39F89EEB22}.Release|Any CPU.Build.0 = Release|Any CPU
		{BA867445-415A-4626-8689-9201CAC59386}.Debug|Any CPU.ActiveCfg = Debug|Any CPU
		{BA867445-415A-4626-8689-9201CAC59386}.Debug|Any CPU.Build.0 = Debug|Any CPU
		{BA867445-415A-4626-8689-9201CAC59386}.Release|Any CPU.ActiveCfg = Release|Any CPU
		{BA867445-415A-4626-8689-9201CAC59386}.Release|Any CPU.Build.0 = Release|Any CPU
	EndGlobalSection
	GlobalSection(SolutionProperties) = preSolution
		HideSolutionNode = FALSE
	EndGlobalSection
	GlobalSection(NestedProjects) = preSolution
		{5BBA0026-2BD9-47B1-9B3C-1E5C762D2A8D} = {B71514A4-AA29-4997-9816-7F0883EA6B56}
		{F8176255-BA06-4BA9-B3D9-1D9B83E23940} = {B71514A4-AA29-4997-9816-7F0883EA6B56}
		{C9382555-ED60-4192-9A75-BF9E67A011A2} = {D029C52E-72D3-438D-ACFB-8D73F2A1686F}
		{37837216-5439-4310-99F0-9E39F89EEB22} = {B71514A4-AA29-4997-9816-7F0883EA6B56}
	EndGlobalSection
	GlobalSection(ExtensibilityGlobals) = postSolution
		SolutionGuid = {8A1F6999-C6A8-4741-A1B5-F2C3693FAF5F}
	EndGlobalSection
EndGlobal
